
Microsoft Visual Studio Solution File, Format Version 12.00
# Visual Studio Version 17
VisualStudioVersion = 17.4.33122.133
MinimumVisualStudioVersion = 10.0.40219.1
Project("{FAE04EC0-301F-11D3-BF4B-00C04F79EFBC}") = "AngularAPI", "AngularAPI\AngularAPI.csproj", "{EEC509FD-2458-483D-97E8-8D5238F85329}"
EndProject
Global
	GlobalSection(SolutionConfigurationPlatforms) = preSolution
		Debug|Any CPU = Debug|Any CPU
		Release|Any CPU = Release|Any CPU
	EndGlobalSection
	GlobalSection(ProjectConfigurationPlatforms) = postSolution
		{EEC509FD-2458-483D-97E8-8D5238F85329}.Debug|Any CPU.ActiveCfg = Debug|Any CPU
		{EEC509FD-2458-483D-97E8-8D5238F85329}.Debug|Any CPU.Build.0 = Debug|Any CPU
		{EEC509FD-2458-483D-97E8-8D5238F85329}.Release|Any CPU.ActiveCfg = Release|Any CPU
		{EEC509FD-2458-483D-97E8-8D5238F85329}.Release|Any CPU.Build.0 = Release|Any CPU
	EndGlobalSection
	GlobalSection(SolutionProperties) = preSolution
		HideSolutionNode = FALSE
	EndGlobalSection
	GlobalSection(ExtensibilityGlobals) = postSolution
		SolutionGuid = {01EC6427-C7A3-48AB-A3BA-BA0A6588F62F}
	EndGlobalSection
EndGlobal
